
Microsoft Visual Studio Solution File, Format Version 12.00
# Visual Studio Version 17
VisualStudioVersion = 17.14.36414.22
MinimumVisualStudioVersion = 10.0.40219.1
Project("{FAE04EC0-301F-11D3-BF4B-00C04F79EFBC}") = "StocksApp", "StocksApp\StocksApp.csproj", "{9C79517F-4E49-4DB1-A3C2-95A00DFBCFA4}"
EndProject
Project("{FAE04EC0-301F-11D3-BF4B-00C04F79EFBC}") = "Tests", "Tests\Tests.csproj", "{8F766FB6-D6E6-4663-A4EE-2F89E79FFBDD}"
EndProject
Project("{FAE04EC0-301F-11D3-BF4B-00C04F79EFBC}") = "Entities", "Entities\Entities.csproj", "{17B3CE04-0369-4FB5-8D6E-CC106CAA8080}"
EndProject
Project("{FAE04EC0-301F-11D3-BF4B-00C04F79EFBC}") = "Services", "Services\Services.csproj", "{34D161E3-FAFE-4A32-B218-F23958BFA7D0}"
EndProject
Project("{FAE04EC0-301F-11D3-BF4B-00C04F79EFBC}") = "ServiceContracts", "ServiceContracts\ServiceContracts.csproj", "{7CA5A788-3FE3-499B-B8FB-39C8377C3264}"
EndProject
Project("{FAE04EC0-301F-11D3-BF4B-00C04F79EFBC}") = "RepositoryContracts", "RepositoryContracts\RepositoryContracts.csproj", "{2C02FB08-2DA6-4752-B3CB-B733D3D17BAA}"
EndProject
Project("{FAE04EC0-301F-11D3-BF4B-00C04F79EFBC}") = "Repositories", "Repositories\Repositories.csproj", "{C7155156-2812-4B7B-B5FC-2C2F37DA1E46}"
EndProject
Global
	GlobalSection(SolutionConfigurationPlatforms) = preSolution
		Debug|Any CPU = Debug|Any CPU
		Release|Any CPU = Release|Any CPU
	EndGlobalSection
	GlobalSection(ProjectConfigurationPlatforms) = postSolution
		{9C79517F-4E49-4DB1-A3C2-95A00DFBCFA4}.Debug|Any CPU.ActiveCfg = Debug|Any CPU
		{9C79517F-4E49-4DB1-A3C2-95A00DFBCFA4}.Debug|Any CPU.Build.0 = Debug|Any CPU
		{9C79517F-4E49-4DB1-A3C2-95A00DFBCFA4}.Release|Any CPU.ActiveCfg = Release|Any CPU
		{9C79517F-4E49-4DB1-A3C2-95A00DFBCFA4}.Release|Any CPU.Build.0 = Release|Any CPU
		{8F766FB6-D6E6-4663-A4EE-2F89E79FFBDD}.Debug|Any CPU.ActiveCfg = Debug|Any CPU
		{8F766FB6-D6E6-4663-A4EE-2F89E79FFBDD}.Debug|Any CPU.Build.0 = Debug|Any CPU
		{8F766FB6-D6E6-4663-A4EE-2F89E79FFBDD}.Release|Any CPU.ActiveCfg = Release|Any CPU
		{8F766FB6-D6E6-4663-A4EE-2F89E79FFBDD}.Release|Any CPU.Build.0 = Release|Any CPU
		{17B3CE04-0369-4FB5-8D6E-CC106CAA8080}.Debug|Any CPU.ActiveCfg = Debug|Any CPU
		{17B3CE04-0369-4FB5-8D6E-CC106CAA8080}.Debug|Any CPU.Build.0 = Debug|Any CPU
		{17B3CE04-0369-4FB5-8D6E-CC106CAA8080}.Release|Any CPU.ActiveCfg = Release|Any CPU
		{17B3CE04-0369-4FB5-8D6E-CC106CAA8080}.Release|Any CPU.Build.0 = Release|Any CPU
		{34D161E3-FAFE-4A32-B218-F23958BFA7D0}.Debug|Any CPU.ActiveCfg = Debug|Any CPU
		{34D161E3-FAFE-4A32-B218-F23958BFA7D0}.Debug|Any CPU.Build.0 = Debug|Any CPU
		{34D161E3-FAFE-4A32-B218-F23958BFA7D0}.Release|Any CPU.ActiveCfg = Release|Any CPU
		{34D161E3-FAFE-4A32-B218-F23958BFA7D0}.Release|Any CPU.Build.0 = Release|Any CPU
		{7CA5A788-3FE3-499B-B8FB-39C8377C3264}.Debug|Any CPU.ActiveCfg = Debug|Any CPU
		{7CA5A788-3FE3-499B-B8FB-39C8377C3264}.Debug|Any CPU.Build.0 = Debug|Any CPU
		{7CA5A788-3FE3-499B-B8FB-39C8377C3264}.Release|Any CPU.ActiveCfg = Release|Any CPU
		{7CA5A788-3FE3-499B-B8FB-39C8377C3264}.Release|Any CPU.Build.0 = Release|Any CPU
		{2C02FB08-2DA6-4752-B3CB-B733D3D17BAA}.Debug|Any CPU.ActiveCfg = Debug|Any CPU
		{2C02FB08-2DA6-4752-B3CB-B733D3D17BAA}.Debug|Any CPU.Build.0 = Debug|Any CPU
		{2C02FB08-2DA6-4752-B3CB-B733D3D17BAA}.Release|Any CPU.ActiveCfg = Release|Any CPU
		{2C02FB08-2DA6-4752-B3CB-B733D3D17BAA}.Release|Any CPU.Build.0 = Release|Any CPU
		{C7155156-2812-4B7B-B5FC-2C2F37DA1E46}.Debug|Any CPU.ActiveCfg = Debug|Any CPU
		{C7155156-2812-4B7B-B5FC-2C2F37DA1E46}.Debug|Any CPU.Build.0 = Debug|Any CPU
		{C7155156-2812-4B7B-B5FC-2C2F37DA1E46}.Release|Any CPU.ActiveCfg = Release|Any CPU
		{C7155156-2812-4B7B-B5FC-2C2F37DA1E46}.Release|Any CPU.Build.0 = Release|Any CPU
	EndGlobalSection
	GlobalSection(SolutionProperties) = preSolution
		HideSolutionNode = FALSE
	EndGlobalSection
	GlobalSection(ExtensibilityGlobals) = postSolution
		SolutionGuid = {6E686866-9A40-424B-910B-1699F4B17A8A}
	EndGlobalSection
EndGlobal
